
Microsoft Visual Studio Solution File, Format Version 12.00
# Visual Studio 14
VisualStudioVersion = 14.0.24720.0
MinimumVisualStudioVersion = 10.0.40219.1
Project("{FAE04EC0-301F-11D3-BF4B-00C04F79EFBC}") = "MicroserviceMatrixDSL", "MicroserviceMatrixDSL\MicroserviceMatrixDSL.csproj", "{CB10359E-423A-4E49-B937-269571CD6E94}"
EndProject
Project("{FAE04EC0-301F-11D3-BF4B-00C04F79EFBC}") = "MicroserviceMatrixDSL.DSL", "MicroserviceMatrixDSL.DSL\MicroserviceMatrixDSL.DSL.csproj", "{8BDEA964-A701-47B6-8F93-B085EC268F0B}"
EndProject
Project("{FAE04EC0-301F-11D3-BF4B-00C04F79EFBC}") = "MicroserviceMatrixDSL.FunctionalToolkit", "MicroserviceMatrixDSL.FunctionalToolkit\MicroserviceMatrixDSL.FunctionalToolkit.csproj", "{B73EA206-6B05-4C04-BD4D-4461B3AE4DE9}"
EndProject
Project("{FAE04EC0-301F-11D3-BF4B-00C04F79EFBC}") = "MicroserviceMatrixDSL.Builder", "MicroserviceMatrixDSL.Builder\MicroserviceMatrixDSL.Builder.csproj", "{D7FBD7BB-4F4F-4F0C-A662-CEAA8C4660C0}"
EndProject
Project("{FAE04EC0-301F-11D3-BF4B-00C04F79EFBC}") = "MicroserviceMatrixDSL.CodeTranspiler", "MicroserviceMatrixDSL.CodeTranspiler\MicroserviceMatrixDSL.CodeTranspiler.csproj", "{F437645B-674F-464D-8749-D85080B291C0}"
EndProject
Project("{FAE04EC0-301F-11D3-BF4B-00C04F79EFBC}") = "MicroserviceMatrixDSL.Descriptions", "MicroserviceMatrixDSL.Descriptions\MicroserviceMatrixDSL.Descriptions.csproj", "{A00B9901-0D0E-460D-B053-529A2CBB7E2B}"
EndProject
Project("{FAE04EC0-301F-11D3-BF4B-00C04F79EFBC}") = "MicroserviceMatrixDSL.AntlrBasedTranspiler", "MicroserviceMatrixDSL.AntrBasedTranspiler\MicroserviceMatrixDSL.AntlrBasedTranspiler.csproj", "{0506B454-098C-44F7-921B-23706C371EC5}"
EndProject
Global
	GlobalSection(SolutionConfigurationPlatforms) = preSolution
		Debug|Any CPU = Debug|Any CPU
		Release|Any CPU = Release|Any CPU
	EndGlobalSection
	GlobalSection(ProjectConfigurationPlatforms) = postSolution
		{CB10359E-423A-4E49-B937-269571CD6E94}.Debug|Any CPU.ActiveCfg = Debug|Any CPU
		{CB10359E-423A-4E49-B937-269571CD6E94}.Debug|Any CPU.Build.0 = Debug|Any CPU
		{CB10359E-423A-4E49-B937-269571CD6E94}.Release|Any CPU.ActiveCfg = Release|Any CPU
		{CB10359E-423A-4E49-B937-269571CD6E94}.Release|Any CPU.Build.0 = Release|Any CPU
		{8BDEA964-A701-47B6-8F93-B085EC268F0B}.Debug|Any CPU.ActiveCfg = Debug|Any CPU
		{8BDEA964-A701-47B6-8F93-B085EC268F0B}.Debug|Any CPU.Build.0 = Debug|Any CPU
		{8BDEA964-A701-47B6-8F93-B085EC268F0B}.Release|Any CPU.ActiveCfg = Release|Any CPU
		{8BDEA964-A701-47B6-8F93-B085EC268F0B}.Release|Any CPU.Build.0 = Release|Any CPU
		{B73EA206-6B05-4C04-BD4D-4461B3AE4DE9}.Debug|Any CPU.ActiveCfg = Debug|Any CPU
		{B73EA206-6B05-4C04-BD4D-4461B3AE4DE9}.Debug|Any CPU.Build.0 = Debug|Any CPU
		{B73EA206-6B05-4C04-BD4D-4461B3AE4DE9}.Release|Any CPU.ActiveCfg = Release|Any CPU
		{B73EA206-6B05-4C04-BD4D-4461B3AE4DE9}.Release|Any CPU.Build.0 = Release|Any CPU
		{D7FBD7BB-4F4F-4F0C-A662-CEAA8C4660C0}.Debug|Any CPU.ActiveCfg = Debug|Any CPU
		{D7FBD7BB-4F4F-4F0C-A662-CEAA8C4660C0}.Debug|Any CPU.Build.0 = Debug|Any CPU
		{D7FBD7BB-4F4F-4F0C-A662-CEAA8C4660C0}.Release|Any CPU.ActiveCfg = Release|Any CPU
		{D7FBD7BB-4F4F-4F0C-A662-CEAA8C4660C0}.Release|Any CPU.Build.0 = Release|Any CPU
		{F437645B-674F-464D-8749-D85080B291C0}.Debug|Any CPU.ActiveCfg = Debug|Any CPU
		{F437645B-674F-464D-8749-D85080B291C0}.Debug|Any CPU.Build.0 = Debug|Any CPU
		{F437645B-674F-464D-8749-D85080B291C0}.Release|Any CPU.ActiveCfg = Release|Any CPU
		{F437645B-674F-464D-8749-D85080B291C0}.Release|Any CPU.Build.0 = Release|Any CPU
		{A00B9901-0D0E-460D-B053-529A2CBB7E2B}.Debug|Any CPU.ActiveCfg = Debug|Any CPU
		{A00B9901-0D0E-460D-B053-529A2CBB7E2B}.Debug|Any CPU.Build.0 = Debug|Any CPU
		{A00B9901-0D0E-460D-B053-529A2CBB7E2B}.Release|Any CPU.ActiveCfg = Release|Any CPU
		{A00B9901-0D0E-460D-B053-529A2CBB7E2B}.Release|Any CPU.Build.0 = Release|Any CPU
		{0506B454-098C-44F7-921B-23706C371EC5}.Debug|Any CPU.ActiveCfg = Debug|Any CPU
		{0506B454-098C-44F7-921B-23706C371EC5}.Debug|Any CPU.Build.0 = Debug|Any CPU
		{0506B454-098C-44F7-921B-23706C371EC5}.Release|Any CPU.ActiveCfg = Release|Any CPU
		{0506B454-098C-44F7-921B-23706C371EC5}.Release|Any CPU.Build.0 = Release|Any CPU
	EndGlobalSection
	GlobalSection(SolutionProperties) = preSolution
		HideSolutionNode = FALSE
	EndGlobalSection
EndGlobal
